
Microsoft Visual Studio Solution File, Format Version 12.00
# Visual Studio Version 17
VisualStudioVersion = 17.0.32014.148
MinimumVisualStudioVersion = 10.0.40219.1
Project("{FAE04EC0-301F-11D3-BF4B-00C04F79EFBC}") = "TabuadaDeMultiplicação", "TabuadaDeMultiplicação.csproj", "{FC126D5A-383D-4D0E-A9E5-5AD91DF271A6}"
EndProject
Global
	GlobalSection(SolutionConfigurationPlatforms) = preSolution
		Debug|Any CPU = Debug|Any CPU
		Release|Any CPU = Release|Any CPU
	EndGlobalSection
	GlobalSection(ProjectConfigurationPlatforms) = postSolution
		{FC126D5A-383D-4D0E-A9E5-5AD91DF271A6}.Debug|Any CPU.ActiveCfg = Debug|Any CPU
		{FC126D5A-383D-4D0E-A9E5-5AD91DF271A6}.Debug|Any CPU.Build.0 = Debug|Any CPU
		{FC126D5A-383D-4D0E-A9E5-5AD91DF271A6}.Release|Any CPU.ActiveCfg = Release|Any CPU
		{FC126D5A-383D-4D0E-A9E5-5AD91DF271A6}.Release|Any CPU.Build.0 = Release|Any CPU
	EndGlobalSection
	GlobalSection(SolutionProperties) = preSolution
		HideSolutionNode = FALSE
	EndGlobalSection
	GlobalSection(ExtensibilityGlobals) = postSolution
		SolutionGuid = {F8F545DA-0627-4816-9C2B-AA9F7F50CFAD}
	EndGlobalSection
EndGlobal
